
Microsoft Visual Studio Solution File, Format Version 12.00
# Visual Studio 15
Project("{FAE04EC0-301F-11D3-BF4B-00C04F79EFBC}") = "Assembly-CSharp", "Assembly-CSharp.csproj", "{6FF7D45F-5A71-FA2D-FC6A-01D8AB145B65}"
EndProject
Project("{FAE04EC0-301F-11D3-BF4B-00C04F79EFBC}") = "Assembly-CSharp", "Assembly-CSharp.Player.csproj", "{87E6B2DA-EB7B-8288-87DB-5BEA45977A2E}"
EndProject
Global
	GlobalSection(SolutionConfigurationPlatforms) = preSolution
		Debug|Any CPU = Debug|Any CPU
		Release|Any CPU = Release|Any CPU
	EndGlobalSection
	GlobalSection(ProjectConfigurationPlatforms) = postSolution
		{6FF7D45F-5A71-FA2D-FC6A-01D8AB145B65}.Debug|Any CPU.ActiveCfg = Debug|Any CPU
		{6FF7D45F-5A71-FA2D-FC6A-01D8AB145B65}.Debug|Any CPU.Build.0 = Debug|Any CPU
		{6FF7D45F-5A71-FA2D-FC6A-01D8AB145B65}.Release|Any CPU.ActiveCfg = Release|Any CPU
		{6FF7D45F-5A71-FA2D-FC6A-01D8AB145B65}.Release|Any CPU.Build.0 = Release|Any CPU
		{87E6B2DA-EB7B-8288-87DB-5BEA45977A2E}.Debug|Any CPU.ActiveCfg = Debug|Any CPU
		{87E6B2DA-EB7B-8288-87DB-5BEA45977A2E}.Debug|Any CPU.Build.0 = Debug|Any CPU
		{87E6B2DA-EB7B-8288-87DB-5BEA45977A2E}.Release|Any CPU.ActiveCfg = Release|Any CPU
		{87E6B2DA-EB7B-8288-87DB-5BEA45977A2E}.Release|Any CPU.Build.0 = Release|Any CPU
	EndGlobalSection
	GlobalSection(SolutionProperties) = preSolution
		HideSolutionNode = FALSE
	EndGlobalSection
EndGlobal
